
Microsoft Visual Studio Solution File, Format Version 12.00
# Visual Studio Version 16
VisualStudioVersion = 16.0.30517.126
MinimumVisualStudioVersion = 10.0.40219.1
Project("{FAE04EC0-301F-11D3-BF4B-00C04F79EFBC}") = "TMSA.PIZZARIA.Cadastro.Domain", "src\TMSA.PIZZARIA.Cadastro.Domain\TMSA.PIZZARIA.Cadastro.Domain.csproj", "{7B4043AB-8CB9-410F-A625-1E42A4775E9C}"
EndProject
Project("{FAE04EC0-301F-11D3-BF4B-00C04F79EFBC}") = "TMSA.PIZZARIA.Domain.Core", "src\TMSA.PIZZARIA.Domain.Core\TMSA.PIZZARIA.Domain.Core.csproj", "{580141B4-4577-4E45-8555-FAB75D4C1E39}"
EndProject
Global
	GlobalSection(SolutionConfigurationPlatforms) = preSolution
		Debug|Any CPU = Debug|Any CPU
		Release|Any CPU = Release|Any CPU
	EndGlobalSection
	GlobalSection(ProjectConfigurationPlatforms) = postSolution
		{7B4043AB-8CB9-410F-A625-1E42A4775E9C}.Debug|Any CPU.ActiveCfg = Debug|Any CPU
		{7B4043AB-8CB9-410F-A625-1E42A4775E9C}.Debug|Any CPU.Build.0 = Debug|Any CPU
		{7B4043AB-8CB9-410F-A625-1E42A4775E9C}.Release|Any CPU.ActiveCfg = Release|Any CPU
		{7B4043AB-8CB9-410F-A625-1E42A4775E9C}.Release|Any CPU.Build.0 = Release|Any CPU
		{580141B4-4577-4E45-8555-FAB75D4C1E39}.Debug|Any CPU.ActiveCfg = Debug|Any CPU
		{580141B4-4577-4E45-8555-FAB75D4C1E39}.Debug|Any CPU.Build.0 = Debug|Any CPU
		{580141B4-4577-4E45-8555-FAB75D4C1E39}.Release|Any CPU.ActiveCfg = Release|Any CPU
		{580141B4-4577-4E45-8555-FAB75D4C1E39}.Release|Any CPU.Build.0 = Release|Any CPU
	EndGlobalSection
	GlobalSection(SolutionProperties) = preSolution
		HideSolutionNode = FALSE
	EndGlobalSection
	GlobalSection(ExtensibilityGlobals) = postSolution
		SolutionGuid = {F30A98CB-EE6E-49AC-98D0-A184C14A9FCE}
	EndGlobalSection
EndGlobal
