
Microsoft Visual Studio Solution File, Format Version 12.00
# Visual Studio Version 16
VisualStudioVersion = 16.0.30517.126
MinimumVisualStudioVersion = 10.0.40219.1
Project("{9A19103F-16F7-4668-BE54-9A1E7A4F7556}") = "TMSA.PIZZARIA.Cadastro.Domain", "src\TMSA.PIZZARIA.Cadastro.Domain\TMSA.PIZZARIA.Cadastro.Domain.csproj", "{7B4043AB-8CB9-410F-A625-1E42A4775E9C}"
EndProject
Project("{9A19103F-16F7-4668-BE54-9A1E7A4F7556}") = "TMSA.PIZZARIA.Domain.Core", "src\TMSA.PIZZARIA.Domain.Core\TMSA.PIZZARIA.Domain.Core.csproj", "{580141B4-4577-4E45-8555-FAB75D4C1E39}"
EndProject
Project("{FAE04EC0-301F-11D3-BF4B-00C04F79EFBC}") = "TMSA.PIZZARIA.Cadastro.Data", "src\TMSA.PIZZARIA.Cadastro.Data\TMSA.PIZZARIA.Cadastro.Data.csproj", "{3A34CFA2-C565-4ABE-B4B6-CBC3C0DE09F7}"
EndProject
Project("{FAE04EC0-301F-11D3-BF4B-00C04F79EFBC}") = "TMSA.PIZZARIA.Core.Infra.CrossCutting.IoC", "src\TMSA.PIZZARIA.Core.Infra.CrossCutting.IoC\TMSA.PIZZARIA.Core.Infra.CrossCutting.IoC.csproj", "{1D4F0446-DA5A-4CCC-8699-C5F967E039A0}"
EndProject
Project("{FAE04EC0-301F-11D3-BF4B-00C04F79EFBC}") = "TMSA.PIZZARIA.Core.Data", "src\TMSA.PIZZARIA.Core.Data\TMSA.PIZZARIA.Core.Data.csproj", "{777CDB40-4B2D-4CB9-B8CA-0DF31B01CC57}"
EndProject
Project("{FAE04EC0-301F-11D3-BF4B-00C04F79EFBC}") = "TMSA.PIZZARIA.Api", "src\TMSA.PIZZARIA.Api\TMSA.PIZZARIA.Api.csproj", "{BA61F8A3-3C16-442D-8AD0-59460F8C4ADD}"
EndProject
Global
	GlobalSection(SolutionConfigurationPlatforms) = preSolution
		Debug|Any CPU = Debug|Any CPU
		Release|Any CPU = Release|Any CPU
	EndGlobalSection
	GlobalSection(ProjectConfigurationPlatforms) = postSolution
		{7B4043AB-8CB9-410F-A625-1E42A4775E9C}.Debug|Any CPU.ActiveCfg = Debug|Any CPU
		{7B4043AB-8CB9-410F-A625-1E42A4775E9C}.Debug|Any CPU.Build.0 = Debug|Any CPU
		{7B4043AB-8CB9-410F-A625-1E42A4775E9C}.Release|Any CPU.ActiveCfg = Release|Any CPU
		{7B4043AB-8CB9-410F-A625-1E42A4775E9C}.Release|Any CPU.Build.0 = Release|Any CPU
		{580141B4-4577-4E45-8555-FAB75D4C1E39}.Debug|Any CPU.ActiveCfg = Debug|Any CPU
		{580141B4-4577-4E45-8555-FAB75D4C1E39}.Debug|Any CPU.Build.0 = Debug|Any CPU
		{580141B4-4577-4E45-8555-FAB75D4C1E39}.Release|Any CPU.ActiveCfg = Release|Any CPU
		{580141B4-4577-4E45-8555-FAB75D4C1E39}.Release|Any CPU.Build.0 = Release|Any CPU
		{3A34CFA2-C565-4ABE-B4B6-CBC3C0DE09F7}.Debug|Any CPU.ActiveCfg = Debug|Any CPU
		{3A34CFA2-C565-4ABE-B4B6-CBC3C0DE09F7}.Debug|Any CPU.Build.0 = Debug|Any CPU
		{3A34CFA2-C565-4ABE-B4B6-CBC3C0DE09F7}.Release|Any CPU.ActiveCfg = Release|Any CPU
		{3A34CFA2-C565-4ABE-B4B6-CBC3C0DE09F7}.Release|Any CPU.Build.0 = Release|Any CPU
		{1D4F0446-DA5A-4CCC-8699-C5F967E039A0}.Debug|Any CPU.ActiveCfg = Debug|Any CPU
		{1D4F0446-DA5A-4CCC-8699-C5F967E039A0}.Debug|Any CPU.Build.0 = Debug|Any CPU
		{1D4F0446-DA5A-4CCC-8699-C5F967E039A0}.Release|Any CPU.ActiveCfg = Release|Any CPU
		{1D4F0446-DA5A-4CCC-8699-C5F967E039A0}.Release|Any CPU.Build.0 = Release|Any CPU
		{777CDB40-4B2D-4CB9-B8CA-0DF31B01CC57}.Debug|Any CPU.ActiveCfg = Debug|Any CPU
		{777CDB40-4B2D-4CB9-B8CA-0DF31B01CC57}.Debug|Any CPU.Build.0 = Debug|Any CPU
		{777CDB40-4B2D-4CB9-B8CA-0DF31B01CC57}.Release|Any CPU.ActiveCfg = Release|Any CPU
		{777CDB40-4B2D-4CB9-B8CA-0DF31B01CC57}.Release|Any CPU.Build.0 = Release|Any CPU
		{BA61F8A3-3C16-442D-8AD0-59460F8C4ADD}.Debug|Any CPU.ActiveCfg = Debug|Any CPU
		{BA61F8A3-3C16-442D-8AD0-59460F8C4ADD}.Debug|Any CPU.Build.0 = Debug|Any CPU
		{BA61F8A3-3C16-442D-8AD0-59460F8C4ADD}.Release|Any CPU.ActiveCfg = Release|Any CPU
		{BA61F8A3-3C16-442D-8AD0-59460F8C4ADD}.Release|Any CPU.Build.0 = Release|Any CPU
	EndGlobalSection
	GlobalSection(SolutionProperties) = preSolution
		HideSolutionNode = FALSE
	EndGlobalSection
	GlobalSection(ExtensibilityGlobals) = postSolution
		SolutionGuid = {F30A98CB-EE6E-49AC-98D0-A184C14A9FCE}
	EndGlobalSection
EndGlobal
